
Microsoft Visual Studio Solution File, Format Version 12.00
# Visual Studio Version 16
VisualStudioVersion = 16.0.31205.134
MinimumVisualStudioVersion = 10.0.40219.1
Project("{FAE04EC0-301F-11D3-BF4B-00C04F79EFBC}") = "WebFormsPrimjeri", "WebFormsPrimjeri\WebFormsPrimjeri.csproj", "{7094B968-95C7-495A-8302-F525B017F0B6}"
EndProject
Project("{FAE04EC0-301F-11D3-BF4B-00C04F79EFBC}") = "StateManagement", "..\StateManagement\StateManagement\StateManagement.csproj", "{69830F71-4AB4-4BD2-B7DB-438DE2ABD6D7}"
EndProject
Project("{FAE04EC0-301F-11D3-BF4B-00C04F79EFBC}") = "MasterPrimjer", "MasterPrimjer\MasterPrimjer.csproj", "{E9B1A66F-EA9A-4B6A-AC8D-D1D75E9E0045}"
EndProject
Project("{FAE04EC0-301F-11D3-BF4B-00C04F79EFBC}") = "ADO.NETProjekt", "ADO.NETProjekt\ADO.NETProjekt.csproj", "{76057DD3-DEA1-4084-B520-9A35AD53BBE3}"
EndProject
Global
	GlobalSection(SolutionConfigurationPlatforms) = preSolution
		Debug|Any CPU = Debug|Any CPU
		Release|Any CPU = Release|Any CPU
	EndGlobalSection
	GlobalSection(ProjectConfigurationPlatforms) = postSolution
		{7094B968-95C7-495A-8302-F525B017F0B6}.Debug|Any CPU.ActiveCfg = Debug|Any CPU
		{7094B968-95C7-495A-8302-F525B017F0B6}.Debug|Any CPU.Build.0 = Debug|Any CPU
		{7094B968-95C7-495A-8302-F525B017F0B6}.Release|Any CPU.ActiveCfg = Release|Any CPU
		{7094B968-95C7-495A-8302-F525B017F0B6}.Release|Any CPU.Build.0 = Release|Any CPU
		{69830F71-4AB4-4BD2-B7DB-438DE2ABD6D7}.Debug|Any CPU.ActiveCfg = Debug|Any CPU
		{69830F71-4AB4-4BD2-B7DB-438DE2ABD6D7}.Debug|Any CPU.Build.0 = Debug|Any CPU
		{69830F71-4AB4-4BD2-B7DB-438DE2ABD6D7}.Release|Any CPU.ActiveCfg = Release|Any CPU
		{69830F71-4AB4-4BD2-B7DB-438DE2ABD6D7}.Release|Any CPU.Build.0 = Release|Any CPU
		{E9B1A66F-EA9A-4B6A-AC8D-D1D75E9E0045}.Debug|Any CPU.ActiveCfg = Debug|Any CPU
		{E9B1A66F-EA9A-4B6A-AC8D-D1D75E9E0045}.Debug|Any CPU.Build.0 = Debug|Any CPU
		{E9B1A66F-EA9A-4B6A-AC8D-D1D75E9E0045}.Release|Any CPU.ActiveCfg = Release|Any CPU
		{E9B1A66F-EA9A-4B6A-AC8D-D1D75E9E0045}.Release|Any CPU.Build.0 = Release|Any CPU
		{76057DD3-DEA1-4084-B520-9A35AD53BBE3}.Debug|Any CPU.ActiveCfg = Debug|Any CPU
		{76057DD3-DEA1-4084-B520-9A35AD53BBE3}.Debug|Any CPU.Build.0 = Debug|Any CPU
		{76057DD3-DEA1-4084-B520-9A35AD53BBE3}.Release|Any CPU.ActiveCfg = Release|Any CPU
		{76057DD3-DEA1-4084-B520-9A35AD53BBE3}.Release|Any CPU.Build.0 = Release|Any CPU
	EndGlobalSection
	GlobalSection(SolutionProperties) = preSolution
		HideSolutionNode = FALSE
	EndGlobalSection
	GlobalSection(ExtensibilityGlobals) = postSolution
		SolutionGuid = {508CB1A7-F256-475E-B7A4-79B206FC7D59}
	EndGlobalSection
EndGlobal
